
Microsoft Visual Studio Solution File, Format Version 12.00
# Visual Studio 16
Project("{FAE04EC0-301F-11D3-BF4B-00C04F79EFBC}") = "Assembly-CSharp", "Assembly-CSharp.csproj", "{BB6B776A-0DFB-20E7-0EDD-D47C93706268}"
EndProject
Project("{FAE04EC0-301F-11D3-BF4B-00C04F79EFBC}") = "Assembly-CSharp-Editor", "Assembly-CSharp-Editor.csproj", "{F15C006D-1730-6D5F-9DFC-EF5B13092BDD}"
EndProject
Global
	GlobalSection(SolutionConfigurationPlatforms) = preSolution
		Debug|Any CPU = Debug|Any CPU
		Release|Any CPU = Release|Any CPU
	EndGlobalSection
	GlobalSection(ProjectConfigurationPlatforms) = postSolution
		{BB6B776A-0DFB-20E7-0EDD-D47C93706268}.Debug|Any CPU.ActiveCfg = Debug|Any CPU
		{BB6B776A-0DFB-20E7-0EDD-D47C93706268}.Debug|Any CPU.Build.0 = Debug|Any CPU
		{BB6B776A-0DFB-20E7-0EDD-D47C93706268}.Release|Any CPU.ActiveCfg = Release|Any CPU
		{BB6B776A-0DFB-20E7-0EDD-D47C93706268}.Release|Any CPU.Build.0 = Release|Any CPU
		{F15C006D-1730-6D5F-9DFC-EF5B13092BDD}.Debug|Any CPU.ActiveCfg = Debug|Any CPU
		{F15C006D-1730-6D5F-9DFC-EF5B13092BDD}.Debug|Any CPU.Build.0 = Debug|Any CPU
		{F15C006D-1730-6D5F-9DFC-EF5B13092BDD}.Release|Any CPU.ActiveCfg = Release|Any CPU
		{F15C006D-1730-6D5F-9DFC-EF5B13092BDD}.Release|Any CPU.Build.0 = Release|Any CPU
	EndGlobalSection
	GlobalSection(SolutionProperties) = preSolution
		HideSolutionNode = FALSE
	EndGlobalSection
EndGlobal
